Microsoft Visual Studio Solution File, Format Version 12.00
# Visual Studio 2012
Project("{FAE04EC0-301F-11D3-BF4B-00C04F79EFBC}") = "GMTKGameJam2023", "GMTKGameJam2023.csproj", "{871622CD-372C-4511-8C38-A5B92A83A820}"
EndProject
Global
	GlobalSection(SolutionConfigurationPlatforms) = preSolution
	Debug|Any CPU = Debug|Any CPU
	ExportDebug|Any CPU = ExportDebug|Any CPU
	ExportRelease|Any CPU = ExportRelease|Any CPU
	EndGlobalSection
	GlobalSection(ProjectConfigurationPlatforms) = postSolution
		{871622CD-372C-4511-8C38-A5B92A83A820}.Debug|Any CPU.ActiveCfg = Debug|Any CPU
		{871622CD-372C-4511-8C38-A5B92A83A820}.Debug|Any CPU.Build.0 = Debug|Any CPU
		{871622CD-372C-4511-8C38-A5B92A83A820}.ExportDebug|Any CPU.ActiveCfg = ExportDebug|Any CPU
		{871622CD-372C-4511-8C38-A5B92A83A820}.ExportDebug|Any CPU.Build.0 = ExportDebug|Any CPU
		{871622CD-372C-4511-8C38-A5B92A83A820}.ExportRelease|Any CPU.ActiveCfg = ExportRelease|Any CPU
		{871622CD-372C-4511-8C38-A5B92A83A820}.ExportRelease|Any CPU.Build.0 = ExportRelease|Any CPU
	EndGlobalSection
EndGlobal
